
Microsoft Visual Studio Solution File, Format Version 12.00
# Visual Studio Version 17
VisualStudioVersion = 17.8.34408.163
MinimumVisualStudioVersion = 10.0.40219.1
Project("{FAE04EC0-301F-11D3-BF4B-00C04F79EFBC}") = "Mission4_3-3", "Mission4_3-3.csproj", "{C1335EDD-5B94-4188-8684-DE0A2C13DB5D}"
EndProject
Global
	GlobalSection(SolutionConfigurationPlatforms) = preSolution
		Debug|Any CPU = Debug|Any CPU
		Release|Any CPU = Release|Any CPU
	EndGlobalSection
	GlobalSection(ProjectConfigurationPlatforms) = postSolution
		{C1335EDD-5B94-4188-8684-DE0A2C13DB5D}.Debug|Any CPU.ActiveCfg = Debug|Any CPU
		{C1335EDD-5B94-4188-8684-DE0A2C13DB5D}.Debug|Any CPU.Build.0 = Debug|Any CPU
		{C1335EDD-5B94-4188-8684-DE0A2C13DB5D}.Release|Any CPU.ActiveCfg = Release|Any CPU
		{C1335EDD-5B94-4188-8684-DE0A2C13DB5D}.Release|Any CPU.Build.0 = Release|Any CPU
	EndGlobalSection
	GlobalSection(SolutionProperties) = preSolution
		HideSolutionNode = FALSE
	EndGlobalSection
	GlobalSection(ExtensibilityGlobals) = postSolution
		SolutionGuid = {023318FF-9F59-4A2F-9D37-ADB23CEA1007}
	EndGlobalSection
EndGlobal
